
Microsoft Visual Studio Solution File, Format Version 12.00
# Visual Studio Version 16
VisualStudioVersion = 16.0.32413.511
MinimumVisualStudioVersion = 10.0.40219.1
Project("{FAE04EC0-301F-11D3-BF4B-00C04F79EFBC}") = "Abastecimento de Combustível", "Abastecimento de Combustível\Abastecimento de Combustível.csproj", "{4C5E142C-3539-4C8C-9430-DF88E18FCB27}"
EndProject
Global
	GlobalSection(SolutionConfigurationPlatforms) = preSolution
		Debug|Any CPU = Debug|Any CPU
		Release|Any CPU = Release|Any CPU
	EndGlobalSection
	GlobalSection(ProjectConfigurationPlatforms) = postSolution
		{4C5E142C-3539-4C8C-9430-DF88E18FCB27}.Debug|Any CPU.ActiveCfg = Debug|Any CPU
		{4C5E142C-3539-4C8C-9430-DF88E18FCB27}.Debug|Any CPU.Build.0 = Debug|Any CPU
		{4C5E142C-3539-4C8C-9430-DF88E18FCB27}.Release|Any CPU.ActiveCfg = Release|Any CPU
		{4C5E142C-3539-4C8C-9430-DF88E18FCB27}.Release|Any CPU.Build.0 = Release|Any CPU
	EndGlobalSection
	GlobalSection(SolutionProperties) = preSolution
		HideSolutionNode = FALSE
	EndGlobalSection
	GlobalSection(ExtensibilityGlobals) = postSolution
		SolutionGuid = {1FA5D515-FDED-4B32-B225-C471DA6781BB}
	EndGlobalSection
EndGlobal
