
Microsoft Visual Studio Solution File, Format Version 12.00
# Visual Studio Version 16
VisualStudioVersion = 16.0.32413.511
MinimumVisualStudioVersion = 10.0.40219.1
Project("{FAE04EC0-301F-11D3-BF4B-00C04F79EFBC}") = "ExemploApp", "ExemploApp\ExemploApp.csproj", "{90ACA6B4-8A74-4D7D-8CCD-F26F8AE6AC96}"
EndProject
Global
	GlobalSection(SolutionConfigurationPlatforms) = preSolution
		Debug|Any CPU = Debug|Any CPU
		Release|Any CPU = Release|Any CPU
	EndGlobalSection
	GlobalSection(ProjectConfigurationPlatforms) = postSolution
		{90ACA6B4-8A74-4D7D-8CCD-F26F8AE6AC96}.Debug|Any CPU.ActiveCfg = Debug|Any CPU
		{90ACA6B4-8A74-4D7D-8CCD-F26F8AE6AC96}.Debug|Any CPU.Build.0 = Debug|Any CPU
		{90ACA6B4-8A74-4D7D-8CCD-F26F8AE6AC96}.Release|Any CPU.ActiveCfg = Release|Any CPU
		{90ACA6B4-8A74-4D7D-8CCD-F26F8AE6AC96}.Release|Any CPU.Build.0 = Release|Any CPU
	EndGlobalSection
	GlobalSection(SolutionProperties) = preSolution
		HideSolutionNode = FALSE
	EndGlobalSection
	GlobalSection(ExtensibilityGlobals) = postSolution
		SolutionGuid = {C299630D-7445-4E71-9CE0-2322CAB7B608}
	EndGlobalSection
EndGlobal
